Microsoft Visual Studio Solution File, Format Version 11.00
# Visual Studio 2008

Project("{28C47B62-29C7-C438-2E4D-7EC365B05919}") = "MapOfChina", "Assembly-CSharp.csproj", "{FB172857-9E87-3E4E-6818-00376597EB38}"
EndProject
Global
	GlobalSection(SolutionConfigurationPlatforms) = preSolution
		Debug|Any CPU = Debug|Any CPU
		Release|Any CPU = Release|Any CPU
	EndGlobalSection
	GlobalSection(ProjectConfigurationPlatforms) = postSolution
		{FB172857-9E87-3E4E-6818-00376597EB38}.Debug|Any CPU.ActiveCfg = Debug|Any CPU
		{FB172857-9E87-3E4E-6818-00376597EB38}.Debug|Any CPU.Build.0 = Debug|Any CPU
		{FB172857-9E87-3E4E-6818-00376597EB38}.Release|Any CPU.ActiveCfg = Release|Any CPU
		{FB172857-9E87-3E4E-6818-00376597EB38}.Release|Any CPU.Build.0 = Release|Any CPU
	EndGlobalSection
	GlobalSection(SolutionProperties) = preSolution
		HideSolutionNode = FALSE
	EndGlobalSection
	GlobalSection(MonoDevelopProperties) = preSolution
		StartupItem = Assembly-CSharp.csproj
	EndGlobalSection
EndGlobal
